// !$*UTF8*$!
{
	archiveVersion = 1;
	classes = {
	};
	objectVersion = 46;
	objects = {

/* Begin PBXBuildFile section */
		1862E4BF1BF36DF000E7745B /* PhotoCell.swift in Sources */ = {isa = PBXBuildFile; fileRef = 1862E4BE1BF36DF000E7745B /* PhotoCell.swift */; settings = {ASSET_TAGS = (); }; };
		1862E4C11BF375B800E7745B /* DetailsViewController.swift in Sources */ = {isa = PBXBuildFile; fileRef = 1862E4C01BF375B800E7745B /* DetailsViewController.swift */; settings = {ASSET_TAGS = (); }; };
		18DBB0971BF36BF300E4B48C /* AppDelegate.swift in Sources */ = {isa = PBXBuildFile; fileRef = 18DBB0961BF36BF300E4B48C /* AppDelegate.swift */; };
		18DBB0991BF36BF300E4B48C /* PhotoViewController.swift in Sources */ = {isa = PBXBuildFile; fileRef = 18DBB0981BF36BF300E4B48C /* PhotoViewController.swift */; };
		18DBB09C1BF36BF300E4B48C /* Main.storyboard in Resources */ = {isa = PBXBuildFile; fileRef = 18DBB09A1BF36BF300E4B48C /* Main.storyboard */; };
		18DBB09E1BF36BF300E4B48C /* Assets.xcassets in Resources */ = {isa = PBXBuildFile; fileRef = 18DBB09D1BF36BF300E4B48C /* Assets.xcassets */; };
		18DBB0A11BF36BF300E4B48C /* LaunchScreen.storyboard in Resources */ = {isa = PBXBuildFile; fileRef = 18DBB09F1BF36BF300E4B48C /* LaunchScreen.storyboard */; };
		F5F10B5FA9F8EFE719BA8E1C /* Pods_instagram.framework in Frameworks */ = {isa = PBXBuildFile; fileRef = 53EFB9C8D242BAFB4B7AC638 /* Pods_instagram.framework */; };
/* End PBXBuildFile section */

/* Begin PBXFileReference section */
		1862E4BE1BF36DF000E7745B /* PhotoCell.swift */ = {isa = PBXFileReference; fileEncoding = 4; lastKnownFileType = sourcecode.swift; path = PhotoCell.swift; sourceTree = "<group>"; };
		1862E4C01BF375B800E7745B /* DetailsViewController.swift */ = {isa = PBXFileReference; fileEncoding = 4; lastKnownFileType = sourcecode.swift; path = DetailsViewController.swift; sourceTree = "<group>"; };
		18DBB0931BF36BF300E4B48C /* instagram.app */ = {isa = PBXFileReference; explicitFileType = wrapper.application; includeInIndex = 0; path = instagram.app; sourceTree = BUILT_PRODUCTS_DIR; };
		18DBB0961BF36BF300E4B48C /* AppDelegate.swift */ = {isa = PBXFileReference; lastKnownFileType = sourcecode.swift; path = AppDelegate.swift; sourceTree = "<group>"; };
		18DBB0981BF36BF300E4B48C /* PhotoViewController.swift */ = {isa = PBXFileReference; lastKnownFileType = sourcecode.swift; path = PhotoViewController.swift; sourceTree = "<group>"; };
		18DBB09B1BF36BF300E4B48C /* Base */ = {isa = PBXFileReference; lastKnownFileType = file.storyboard; name = Base; path = Base.lproj/Main.storyboard; sourceTree = "<group>"; };
		18DBB09D1BF36BF300E4B48C /* Assets.xcassets */ = {isa = PBXFileReference; lastKnownFileType = folder.assetcatalog; path = Assets.xcassets; sourceTree = "<group>"; };
		18DBB0A01BF36BF300E4B48C /* Base */ = {isa = PBXFileReference; lastKnownFileType = file.storyboard; name = Base; path = Base.lproj/LaunchScreen.storyboard; sourceTree = "<group>"; };
		18DBB0A21BF36BF300E4B48C /* Info.plist */ = {isa = PBXFileReference; lastKnownFileType = text.plist.xml; path = Info.plist; sourceTree = "<group>"; };
		531E80D164CC7684EA745596 /* Pods-instagram.release.xcconfig */ = {isa = PBXFileReference; includeInIndex = 1; lastKnownFileType = text.xcconfig; name = "Pods-instagram.release.xcconfig"; path = "Pods/Target Support Files/Pods-instagram/Pods-instagram.release.xcconfig"; sourceTree = "<group>"; };
		53EFB9C8D242BAFB4B7AC638 /* Pods_instagram.framework */ = {isa = PBXFileReference; explicitFileType = wrapper.framework; includeInIndex = 0; path = Pods_instagram.framework; sourceTree = BUILT_PRODUCTS_DIR; };
		F7E176C7E52A232060980F52 /* Pods-instagram.debug.xcconfig */ = {isa = PBXFileReference; includeInIndex = 1; lastKnownFileType = text.xcconfig; name = "Pods-instagram.debug.xcconfig"; path = "Pods/Target Support Files/Pods-instagram/Pods-instagram.debug.xcconfig"; sourceTree = "<group>"; };
/* End PBXFileReference section */

/* Begin PBXFrameworksBuildPhase section */
		18DBB0901BF36BF300E4B48C /* Frameworks */ = {
			isa = PBXFrameworksBuildPhase;
			buildActionMask = 2147483647;
			files = (
				F5F10B5FA9F8EFE719BA8E1C /* Pods_instagram.framework in Frameworks */,
			);
			runOnlyForDeploymentPostprocessing = 0;
		};
/* End PBXFrameworksBuildPhase section */

/* Begin PBXGroup section */
		18DBB08A1BF36BF300E4B48C = {
			isa = PBXGroup;
			children = (
				18DBB0951BF36BF300E4B48C /* instagram */,
				18DBB0941BF36BF300E4B48C /* Products */,
				FF109BAD887E52B74BF8B358 /* Pods */,
				EC8DA6159ECAFFB0E37446FF /* Frameworks */,
			);
			sourceTree = "<group>";
		};
		18DBB0941BF36BF300E4B48C /* Products */ = {
			isa = PBXGroup;
			children = (
				18DBB0931BF36BF300E4B48C /* instagram.app */,
			);
			name = Products;
			sourceTree = "<group>";
		};
		18DBB0951BF36BF300E4B48C /* instagram */ = {
			isa = PBXGroup;
			children = (
				18DBB0961BF36BF300E4B48C /* AppDelegate.swift */,
				18DBB0981BF36BF300E4B48C /* PhotoViewController.swift */,
				1862E4BE1BF36DF000E7745B /* PhotoCell.swift */,
				1862E4C01BF375B800E7745B /* DetailsViewController.swift */,
				18DBB09A1BF36BF300E4B48C /* Main.storyboard */,
				18DBB09D1BF36BF300E4B48C /* Assets.xcassets */,
				18DBB09F1BF36BF300E4B48C /* LaunchScreen.storyboard */,
				18DBB0A21BF36BF300E4B48C /* Info.plist */,
			);
			path = instagram;
			sourceTree = "<group>";
		};
		EC8DA6159ECAFFB0E37446FF /* Frameworks */ = {
			isa = PBXGroup;
			children = (
				53EFB9C8D242BAFB4B7AC638 /* Pods_instagram.framework */,
			);
			name = Frameworks;
			sourceTree = "<group>";
		};
		FF109BAD887E52B74BF8B358 /* Pods */ = {
			isa = PBXGroup;
			children = (
				F7E176C7E52A232060980F52 /* Pods-instagram.debug.xcconfig */,
				531E80D164CC7684EA745596 /* Pods-instagram.release.xcconfig */,
			);
			name = Pods;
			sourceTree = "<group>";
		};
/* End PBXGroup section */

/* Begin PBXNativeTarget section */
		18DBB0921BF36BF300E4B48C /* instagram */ = {
			isa = PBXNativeTarget;
			buildConfigurationList = 18DBB0A51BF36BF300E4B48C /* Build configuration list for PBXNativeTarget "instagram" */;
			buildPhases = (
				4DBEA29C6798BC891DBDFF1B /* Check Pods Manifest.lock */,
				18DBB08F1BF36BF300E4B48C /* Sources */,
				18DBB0901BF36BF300E4B48C /* Frameworks */,
				18DBB0911BF36BF300E4B48C /* Resources */,
				8A23929C472819F9EF62080E /* Embed Pods Frameworks */,
				1E9227DAB7D2A1854003D35A /* Copy Pods Resources */,
			);
			buildRules = (
			);
			dependencies = (
			);
			name = instagram;
			productName = instagram;
			productReference = 18DBB0931BF36BF300E4B48C /* instagram.app */;
			productType = "com.apple.product-type.application";
		};
/* End PBXNativeTarget section */

/* Begin PBXProject section */
		18DBB08B1BF36BF300E4B48C /* Project object */ = {
			isa = PBXProject;
			attributes = {
				LastUpgradeCheck = 0700;
				ORGANIZATIONNAME = DaveVo;
				TargetAttributes = {
					18DBB0921BF36BF300E4B48C = {
						CreatedOnToolsVersion = 7.0;
						DevelopmentTeam = QCBK6P7M2R;
					};
				};
			};
			buildConfigurationList = 18DBB08E1BF36BF300E4B48C /* Build configuration list for PBXProject "instagram" */;
			compatibilityVersion = "Xcode 3.2";
			developmentRegion = English;
			hasScannedForEncodings = 0;
			knownRegions = (
				en,
				Base,
			);
			mainGroup = 18DBB08A1BF36BF300E4B48C;
			productRefGroup = 18DBB0941BF36BF300E4B48C /* Products */;
			projectDirPath = "";
			projectRoot = "";
			targets = (
				18DBB0921BF36BF300E4B48C /* instagram */,
			);
		};
/* End PBXProject section */

/* Begin PBXResourcesBuildPhase section */
		18DBB0911BF36BF300E4B48C /* Resources */ = {
			isa = PBXResourcesBuildPhase;
			buildActionMask = 2147483647;
			files = (
				18DBB0A11BF36BF300E4B48C /* LaunchScreen.storyboard in Resources */,
				18DBB09E1BF36BF300E4B48C /* Assets.xcassets in Resources */,
				18DBB09C1BF36BF300E4B48C /* Main.storyboard in Resources */,
			);
			runOnlyForDeploymentPostprocessing = 0;
		};
/* End PBXResourcesBuildPhase section */

/* Begin PBXShellScriptBuildPhase section */
		1E9227DAB7D2A1854003D35A /* Copy Pods Resources */ = {
			isa = PBXShellScriptBuildPhase;
			buildActionMask = 2147483647;
			files = (
			);
			inputPaths = (
			);
			name = "Copy Pods Resources";
			outputPaths = (
			);
			runOnlyForDeploymentPostprocessing = 0;
			shellPath = /bin/sh;
			shellScript = "\"${SRCROOT}/Pods/Target Support Files/Pods-instagram/Pods-instagram-resources.sh\"\n";
			showEnvVarsInLog = 0;
		};
		4DBEA29C6798BC891DBDFF1B /* Check Pods Manifest.lock */ = {
			isa = PBXShellScriptBuildPhase;
			buildActionMask = 2147483647;
			files = (
			);
			inputPaths = (
			);
			name = "Check Pods Manifest.lock";
			outputPaths = (
			);
			runOnlyForDeploymentPostprocessing = 0;
			shellPath = /bin/sh;
			shellScript = "diff \"${PODS_ROOT}/../Podfile.lock\" \"${PODS_ROOT}/Manifest.lock\" > /dev/null\nif [[ $? != 0 ]] ; then\n    cat << EOM\nerror: The sandbox is not in sync with the Podfile.lock. Run 'pod install' or update your CocoaPods installation.\nEOM\n    exit 1\nfi\n";
			showEnvVarsInLog = 0;
		};
		8A23929C472819F9EF62080E /* Embed Pods Frameworks */ = {
			isa = PBXShellScriptBuildPhase;
			buildActionMask = 2147483647;
			files = (
			);
			inputPaths = (
			);
			name = "Embed Pods Frameworks";
			outputPaths = (
			);
			runOnlyForDeploymentPostprocessing = 0;
			shellPath = /bin/sh;
			shellScript = "\"${SRCROOT}/Pods/Target Support Files/Pods-instagram/Pods-instagram-frameworks.sh\"\n";
			showEnvVarsInLog = 0;
		};
/* End PBXShellScriptBuildPhase section */

/* Begin PBXSourcesBuildPhase section */
		18DBB08F1BF36BF300E4B48C /* Sources */ = {
			isa = PBXSourcesBuildPhase;
			buildActionMask = 2147483647;
			files = (
				18DBB0991BF36BF300E4B48C /* PhotoViewController.swift in Sources */,
				1862E4BF1BF36DF000E7745B /* PhotoCell.swift in Sources */,
				18DBB0971BF36BF300E4B48C /* AppDelegate.swift in Sources */,
				1862E4C11BF375B800E7745B /* DetailsViewController.swift in Sources */,
			);
			runOnlyForDeploymentPostprocessing = 0;
		};
/* End PBXSourcesBuildPhase section */

/* Begin PBXVariantGroup section */
		18DBB09A1BF36BF300E4B48C /* Main.storyboard */ = {
			isa = PBXVariantGroup;
			children = (
				18DBB09B1BF36BF300E4B48C /* Base */,
			);
			name = Main.storyboard;
			sourceTree = "<group>";
		};
		18DBB09F1BF36BF300E4B48C /* LaunchScreen.storyboard */ = {
			isa = PBXVariantGroup;
			children = (
				18DBB0A01BF36BF300E4B48C /* Base */,
			);
			name = LaunchScreen.storyboard;
			sourceTree = "<group>";
		};
/* End PBXVariantGroup section */

/* Begin XCBuildConfiguration section */
		18DBB0A31BF36BF300E4B48C /* Debug */ = {
			isa = XCBuildConfiguration;
			buildSettings = {
				ALWAYS_SEARCH_USER_PATHS = NO;
				CLANG_CXX_LANGUAGE_STANDARD = "gnu++0x";
				CLANG_CXX_LIBRARY = "libc++";
				CLANG_ENABLE_MODULES = YES;
				CLANG_ENABLE_OBJC_ARC = YES;
				CLANG_WARN_BOOL_CONVERSION = YES;
				CLANG_WARN_CONSTANT_CONVERSION = YES;
				CLANG_WARN_DIRECT_OBJC_ISA_USAGE = YES_ERROR;
				CLANG_WARN_EMPTY_BODY = YES;
				CLANG_WARN_ENUM_CONVERSION = YES;
				CLANG_WARN_INT_CONVERSION = YES;
				CLANG_WARN_OBJC_ROOT_CLASS = YES_ERROR;
				CLANG_WARN_UNREACHABLE_CODE = YES;
				CLANG_WARN__DUPLICATE_METHOD_MATCH = YES;
				"CODE_SIGN_IDENTITY[sdk=iphoneos*]" = "iPhone Developer";
				COPY_PHASE_STRIP = NO;
				DEBUG_INFORMATION_FORMAT = dwarf;
				ENABLE_STRICT_OBJC_MSGSEND = YES;
				ENABLE_TESTABILITY = YES;
				GCC_C_LANGUAGE_STANDARD = gnu99;
				GCC_DYNAMIC_NO_PIC = NO;
				GCC_NO_COMMON_BLOCKS = YES;
				GCC_OPTIMIZATION_LEVEL = 0;
				GCC_PREPROCESSOR_DEFINITIONS = (
					"DEBUG=1",
					"$(inherited)",
				);
				GCC_WARN_64_TO_32_BIT_CONVERSION = YES;
				GCC_WARN_ABOUT_RETURN_TYPE = YES_ERROR;
				GCC_WARN_UNDECLARED_SELECTOR = YES;
				GCC_WARN_UNINITIALIZED_AUTOS = YES_AGGRESSIVE;
				GCC_WARN_UNUSED_FUNCTION = YES;
				GCC_WARN_UNUSED_VARIABLE = YES;
				IPHONEOS_DEPLOYMENT_TARGET = 9.0;
				MTL_ENABLE_DEBUG_INFO = YES;
				ONLY_ACTIVE_ARCH = YES;
				SDKROOT = iphoneos;
				SWIFT_OPTIMIZATION_LEVEL = "-Onone";
			};
			name = Debug;
		};
		18DBB0A41BF36BF300E4B48C /* Release */ = {
			isa = XCBuildConfiguration;
			buildSettings = {
				ALWAYS_SEARCH_USER_PATHS = NO;
				CLANG_CXX_LANGUAGE_STANDARD = "gnu++0x";
				CLANG_CXX_LIBRARY = "libc++";
				CLANG_ENABLE_MODULES = YES;
				CLANG_ENABLE_OBJC_ARC = YES;
				CLANG_WARN_BOOL_CONVERSION = YES;
				CLANG_WARN_CONSTANT_CONVERSION = YES;
				CLANG_WARN_DIRECT_OBJC_ISA_USAGE = YES_ERROR;
				CLANG_WARN_EMPTY_BODY = YES;
				CLANG_WARN_ENUM_CONVERSION = YES;
				CLANG_WARN_INT_CONVERSION = YES;
				CLANG_WARN_OBJC_ROOT_CLASS = YES_ERROR;
				CLANG_WARN_UNREACHABLE_CODE = YES;
				CLANG_WARN__DUPLICATE_METHOD_MATCH = YES;
				"CODE_SIGN_IDENTITY[sdk=iphoneos*]" = "iPhone Developer";
				COPY_PHASE_STRIP = NO;
				DEBUG_INFORMATION_FORMAT = "dwarf-with-dsym";
				ENABLE_NS_ASSERTIONS = NO;
				ENABLE_STRICT_OBJC_MSGSEND = YES;
				GCC_C_LANGUAGE_STANDARD = gnu99;
				GCC_NO_COMMON_BLOCKS = YES;
				GCC_WARN_64_TO_32_BIT_CONVERSION = YES;
				GCC_WARN_ABOUT_RETURN_TYPE = YES_ERROR;
				GCC_WARN_UNDECLARED_SELECTOR = YES;
				GCC_WARN_UNINITIALIZED_AUTOS = YES_AGGRESSIVE;
				GCC_WARN_UNUSED_FUNCTION = YES;
				GCC_WARN_UNUSED_VARIABLE = YES;
				IPHONEOS_DEPLOYMENT_TARGET = 9.0;
				MTL_ENABLE_DEBUG_INFO = NO;
				SDKROOT = iphoneos;
				VALIDATE_PRODUCT = YES;
			};
			name = Release;
		};
		18DBB0A61BF36BF300E4B48C /* Debug */ = {
			isa = XCBuildConfiguration;
			baseConfigurationReference = F7E176C7E52A232060980F52 /* Pods-instagram.debug.xcconfig */;
			buildSettings = {
				ASSETCATALOG_COMPILER_APPICON_NAME = AppIcon;
				INFOPLIST_FILE = instagram/Info.plist;
				LD_RUNPATH_SEARCH_PATHS = "$(inherited) @executable_path/Frameworks";
				PRODUCT_BUNDLE_IDENTIFIER = com.drm.instagram;
				PRODUCT_NAME = "$(TARGET_NAME)";
			};
			name = Debug;
		};
		18DBB0A71BF36BF300E4B48C /* Release */ = {
			isa = XCBuildConfiguration;
			baseConfigurationReference = 531E80D164CC7684EA745596 /* Pods-instagram.release.xcconfig */;
			buildSettings = {
				ASSETCATALOG_COMPILER_APPICON_NAME = AppIcon;
				INFOPLIST_FILE = instagram/Info.plist;
				LD_RUNPATH_SEARCH_PATHS = "$(inherited) @executable_path/Frameworks";
				PRODUCT_BUNDLE_IDENTIFIER = com.drm.instagram;
				PRODUCT_NAME = "$(TARGET_NAME)";
			};
			name = Release;
		};
/* End XCBuildConfiguration section */

/* Begin XCConfigurationList section */
		18DBB08E1BF36BF300E4B48C /* Build configuration list for PBXProject "instagram" */ = {
			isa = XCConfigurationList;
			buildConfigurations = (
				18DBB0A31BF36BF300E4B48C /* Debug */,
				18DBB0A41BF36BF300E4B48C /* Release */,
			);
			defaultConfigurationIsVisible = 0;
			defaultConfigurationName = Release;
		};
		18DBB0A51BF36BF300E4B48C /* Build configuration list for PBXNativeTarget "instagram" */ = {
			isa = XCConfigurationList;
			buildConfigurations = (
				18DBB0A61BF36BF300E4B48C /* Debug */,
				18DBB0A71BF36BF300E4B48C /* Release */,
			);
			defaultConfigurationIsVisible = 0;
			defaultConfigurationName = Release;
		};
/* End XCConfigurationList section */
	};
	rootObject = 18DBB08B1BF36BF300E4B48C /* Project object */;
}
